{
  "name": "bin_fut",
  "version": "1.0.0",
  "lockfileVersion": 2,
  "requires": true,
  "packages": {
    "": {
      "name": "bin_fut",
      "version": "1.0.0",
      "license": "ISC",
      "dependencies": {
        "ccxt": "^1.81.11"
      }
    },
    "node_modules/ccxt": {
      "version": "1.81.11",
      "resolved": "https://registry.npmjs.org/ccxt/-/ccxt-1.81.11.tgz",
      "integrity": "sha512-I3Bu/1uxYL3ky6xEFJfPU4EG5ueMjauw3bYkAclEnp61ZUnhkFQmJqwv72jMicYmlG1/g3ux5wD0jq0vt1TyyQ==",
      "hasInstallScript": true,
      "engines": {
        "node": ">=10.4.0"
      }
    }
  },
  "dependencies": {
    "ccxt": {
      "version": "1.81.11",
      "resolved": "https://registry.npmjs.org/ccxt/-/ccxt-1.81.11.tgz",
      "integrity": "sha512-I3Bu/1uxYL3ky6xEFJfPU4EG5ueMjauw3bYkAclEnp61ZUnhkFQmJqwv72jMicYmlG1/g3ux5wD0jq0vt1TyyQ=="
    }
  }
}
